
Microsoft Visual Studio Solution File, Format Version 12.00
# Visual Studio 15
VisualStudioVersion = 15.0.27428.2037
MinimumVisualStudioVersion = 10.0.40219.1
Project("{FAE04EC0-301F-11D3-BF4B-00C04F79EFBC}") = "ExamQuestionSort", "ExamQuestionSort\ExamQuestionSort.csproj", "{53EC2F65-6D71-46E4-8A0C-6A483A97F6BC}"
EndProject
Global
	GlobalSection(SolutionConfigurationPlatforms) = preSolution
		Debug|Any CPU = Debug|Any CPU
		Release|Any CPU = Release|Any CPU
	EndGlobalSection
	GlobalSection(ProjectConfigurationPlatforms) = postSolution
		{53EC2F65-6D71-46E4-8A0C-6A483A97F6BC}.Debug|Any CPU.ActiveCfg = Debug|Any CPU
		{53EC2F65-6D71-46E4-8A0C-6A483A97F6BC}.Debug|Any CPU.Build.0 = Debug|Any CPU
		{53EC2F65-6D71-46E4-8A0C-6A483A97F6BC}.Release|Any CPU.ActiveCfg = Release|Any CPU
		{53EC2F65-6D71-46E4-8A0C-6A483A97F6BC}.Release|Any CPU.Build.0 = Release|Any CPU
	EndGlobalSection
	GlobalSection(SolutionProperties) = preSolution
		HideSolutionNode = FALSE
	EndGlobalSection
	GlobalSection(ExtensibilityGlobals) = postSolution
		SolutionGuid = {CD53C7F1-07CF-4C58-94A8-AC6A5FF8EA99}
	EndGlobalSection
EndGlobal
